
Microsoft Visual Studio Solution File, Format Version 12.00
# Visual Studio 2012
Project("{FAE04EC0-301F-11D3-BF4B-00C04F79EFBC}") = "CCsearch", "CCsearch.csproj", "{50A3A142-B938-4278-9B28-4CE59DD4713A}"
EndProject
Global
	GlobalSection(SolutionConfigurationPlatforms) = preSolution
		Debug|Any CPU = Debug|Any CPU
		Release|Any CPU = Release|Any CPU
	EndGlobalSection
	GlobalSection(ProjectConfigurationPlatforms) = postSolution
		{50A3A142-B938-4278-9B28-4CE59DD4713A}.Debug|Any CPU.ActiveCfg = Debug|Any CPU
		{50A3A142-B938-4278-9B28-4CE59DD4713A}.Debug|Any CPU.Build.0 = Debug|Any CPU
		{50A3A142-B938-4278-9B28-4CE59DD4713A}.Release|Any CPU.ActiveCfg = Release|Any CPU
		{50A3A142-B938-4278-9B28-4CE59DD4713A}.Release|Any CPU.Build.0 = Release|Any CPU
	EndGlobalSection
	GlobalSection(SolutionProperties) = preSolution
		HideSolutionNode = FALSE
	EndGlobalSection
EndGlobal
